github.com/davecgh/go-spew v1.1.0/go.mod h1:J7Y8YcW2NihsgmVo/mv3lAwl/skON4iLHjSsI+c5H38=
github.com/davecgh/go-spew v1.1.1 h1:vj9j/u1bqnvCEfJOwUhtlOARqs3+rkHYY13jYWTU97c=
github.com/davecgh/go-spew v1.1.1/go.mod h1:J7Y8YcW2NihsgmVo/mv3lAwl/skON4iLHjSsI+c5H38=
github.com/golang/protobuf v1.3.2/go.mod h1:6lQm79b+lXiMfvg/cZm0SGofjICqVBUtrP5yJMmIC1U=
github.com/google/go-github/v34 v34.0.0 h1:/siYFImY8KwGc5QD1gaPf+f8QX6tLwxNIco2RkYxoFA=
github.com/google/go-github/v34 v34.0.0/go.mod h1:w/2qlrXUfty+lbyO6tatnzIw97v1CM+/jZcwXMDiPQQ=
github.com/google/go-querystring v1.0.0 h1:Xkwi/a1rcvNg1PPYe5vI8GbeBY/jrVuDX5ASuANWTrk=
github.com/google/go-querystring v1.0.0/go.mod h1:odCYkC5MyYFN7vkCjXpyrEuKhc/BUO6wN/zVPAxq5ck=
github.com/logrusorgru/aurora v2.0.3+incompatible/go.mod h1:7rIyQOR62GCctdiQpZ/zOJlFyk6y+94wXzv6RNZgaR4=
github.com/pkg/errors v0.9.1 h1:FEBLx1zS214owpjy7qsBeixbURkuhQAwrK5UwLGTwt4=
github.com/pkg/errors v0.9.1/go.mod h1:bwawxfHBFNV+L2hUp1rHADufV3IMtnDRdf1r5NINEl0=
github.com/pmezard/go-difflib v1.0.0 h1:4DBwDE0NGyQoBHbLQYPwSUPoCMWR5BEzIk/f1lZbAQM=
github.com/pmezard/go-difflib v1.0.0/go.mod h1:iKH77koFhYxTK1pcRnkKkqfTogsbg7gZNVY4sRDYZ/4=
github.com/sirupsen/logrus v1.8.1 h1:dJKuHgqk1NNQlqoA6BTlM1Wf9DOH3NBjQyu0h9+AZZE=
github.com/sirupsen/logrus v1.8.1/go.mod h1:yWOB1SBYBC5VeMP7gHvWumXLIWorT60ONWic61uBYv0=
github.com/skeptycal/ansi v0.3.5/go.mod h1:9iY8dPq+77sgBLkhW4676NZZn58GFtRa9NYFHs44bHg=
github.com/skeptycal/anybool v0.1.0-1643734703096713/go.mod h1:O97PK32XjZ8x5FtgUlNwXsJHPsAlm/fy4Cd+e7I59b4=
github.com/skeptycal/anybool v0.1.0-1643737876466933 h1:O0Rk2pvRmVUtvMego8JyvYEbU1DRilXzFsZSABHGKT4=
github.com/skeptycal/anybool v0.1.0-1643737876466933/go.mod h1:O97PK32XjZ8x5FtgUlNwXsJHPsAlm/fy4Cd+e7I59b4=
github.com/skeptycal/cli v0.1.0/go.mod h1:uEnv53J0Z6JqQ8NRQxDej3WdfU1NMwfX5dqmN/KaENk=
github.com/skeptycal/cli v0.2.0/go.mod h1:I1tIJbGySqKijcIs7T6KcoOr/I1MaV67EgZlQKygUyQ=
github.com/skeptycal/defaults v0.1.0-1643731169010399/go.mod h1:3LM7J/fLFPTsTgcg80MrET+fD6M4somERA7FBTW4SaA=
github.com/skeptycal/defaults v0.1.0-1643737865517014 h1:VgUIwRekg1BDUAWNj0YfwD3NlJ+N6KWrO5+B0dHdrnw=
github.com/skeptycal/defaults v0.1.0-1643737865517014/go.mod h1:p0u/IJtziPGfEdtsHSZvDoRYGo52ZJ3j1+AiuYYU0G0=
github.com/skeptycal/errorlogger v0.2.0 h1:1ep3T7K/oBWmY7wlkmnYdGYKDlh3OvAHX06gDiUwWcY=
github.com/skeptycal/errorlogger v0.2.0/go.mod h1:1yb06stPcV4i9Z1laI+94E0uHjX9rUETLJBUyJ10p8A=
github.com/skeptycal/gofile v0.5.0 h1:dkRjBPr4KpGrmYKz8odzkHxaXkS76uGLTh9MGmCjp04=
github.com/skeptycal/gofile v0.5.0/go.mod h1:G61W18lwKyOH07Xxv/0CBfOsMMLwLg7x/stO9LwgC1w=
github.com/skeptycal/types v0.1.0-1643732044523136/go.mod h1:fudJ1CeHnOWKuHX3RvRkMBSDA/Jx8KzE6XqIvJt8oCU=
github.com/skeptycal/types v0.1.0-1643737902805932 h1:UP/0m0baHouQPEv2LTcA1C78uUFGt4LN5xBFc2S25e4=
github.com/skeptycal/types v0.1.0-1643737902805932/go.mod h1:nkzB1Ppu52rqvLt5KMAYdvTB5NVinmgHrRFfA+THsaE=
github.com/stretchr/objx v0.1.0/go.mod h1:HFkY916IF+rwdDfMAkV7OtwuqBVzrE8GR6GFx+wExME=
github.com/stretchr/testify v1.2.2/go.mod h1:a8OnRcib4nhh0OaRAV+Yts87kKdq0PP7pXfy6kDkUVs=
github.com/stretchr/testify v1.7.0 h1:nwc3DEeHmmLAfoZucVR881uASk0Mfjw8xYJ99tb5CcY=
golang.org/x/crypto v0.0.0-20190308221718-c2843e01d9a2/go.mod h1:djNgcEr1/C05ACkg1iLfiJU5Ep61QUkGW8qpdssI0+w=
golang.org/x/crypto v0.0.0-20211215153901-e495a2d5b3d3 h1:0es+/5331RGQPcXlMfP+WrnIIS6dNnNRe0WB02W0F4M=
golang.org/x/net v0.0.0-20190311183353-d8887717615a/go.mod h1:t9HGtf8HONx5eT2rtn7q6eTqICYqUVnKs3thJo3Qplg=
golang.org/x/net v0.0.0-20211112202133-69e39bad7dc2/go.mod h1:9nx3DQGgdP8bBQD5qxJ1jj9UTztislL4KSBs9R2vV5Y=
golang.org/x/oauth2 v0.0.0-20180821212333-d2e6202438be/go.mod h1:N/0e6XlmueqKjAGxoOufVs8QHGRruUQn6yWY3a++T0U=
golang.org/x/sys v0.0.0-20190215142949-d0b11bdaac8a/go.mod h1:STP8DvDyc/dI5b8T5hshtkjS+E42TnysNCUPdjciGhY=
golang.org/x/sys v0.0.0-20191026070338-33540a1f6037/go.mod h1:h1NjWce9XRLGQEsW7wpKNCjG9DtNlClVuFLEZdDNbEs=
golang.org/x/sys v0.0.0-20201119102817-f84b799fce68/go.mod h1:h1NjWce9XRLGQEsW7wpKNCjG9DtNlClVuFLEZdDNbEs=
golang.org/x/sys v0.0.0-20210403161142-5e06dd20ab57/go.mod h1:h1NjWce9XRLGQEsW7wpKNCjG9DtNlClVuFLEZdDNbEs=
golang.org/x/sys v0.0.0-20210421221651-33663a62ff08/go.mod h1:h1NjWce9XRLGQEsW7wpKNCjG9DtNlClVuFLEZdDNbEs=
golang.org/x/sys v0.0.0-20210423082822-04245dca01da/go.mod h1:h1NjWce9XRLGQEsW7wpKNCjG9DtNlClVuFLEZdDNbEs=
golang.org/x/sys v0.0.0-20210514084401-e8d321eab015/go.mod h1:oPkhp1MJrh7nUepCBck5+mAzfO9JrbApNNgaTdGDITg=
golang.org/x/sys v0.0.0-20220315194320-039c03cc5b86 h1:A9i04dxx7Cribqbs8jf3FQLogkL/CV2YN7hj9KWJCkc=
golang.org/x/term v0.0.0-20201126162022-7de9c90e9dd1/go.mod h1:bj7SfCRtBDWHUb9snDiAeCFNEtKQo2Wmx5Cou7ajbmo=
golang.org/x/text v0.3.0/go.mod h1:NqM8EUOU14njkJ3fqMW+pc6Ldnwhi/IjpwHt7yyuwOQ=
golang.org/x/text v0.3.6/go.mod h1:5Zoc/QRtKVWzQhOtBMvqHzDpF6irO9z98xDceosuGiQ=
google.golang.org/appengine v1.1.0/go.mod h1:EbEs0AVv82hx2wNQdGPgUI5lhzA/G0D9YwlJXL52JkM=
gopkg.in/check.v1 v0.0.0-20161208181325-20d25e280405/go.mod h1:Co6ibVJAznAaIkqp8huTwlJQCZ016jof/cbN4VW5Yz0=
gopkg.in/yaml.v3 v3.0.0-20200313102051-9f266ea9e77c h1:dUUwHk2QECo/6vqA44rthZ8ie2QXMNeKRTHCNY2nXvo=
